
Microsoft Visual Studio Solution File, Format Version 12.00
# Visual Studio 14
VisualStudioVersion = 14.0.24720.0
MinimumVisualStudioVersion = 10.0.40219.1
Project("{FAE04EC0-301F-11D3-BF4B-00C04F79EFBC}") = "SpeedyDonkeyApi", "StudyBuddyApi\SpeedyDonkeyApi.csproj", "{0ED4CACE-AE54-49D6-9053-F44DE4D7298E}"
EndProject
Project("{FAE04EC0-301F-11D3-BF4B-00C04F79EFBC}") = "SpeedyDonkeyApi.Tests", "StudyBuddyApi.Tests\SpeedyDonkeyApi.Tests.csproj", "{8C1816C1-CF16-4559-9BC8-F894D3CA2CA4}"
EndProject
Project("{FAE04EC0-301F-11D3-BF4B-00C04F79EFBC}") = "Data", "Data\Data.csproj", "{0A9770C7-4D7D-445E-94EB-A01A00061E9F}"
EndProject
Project("{FAE04EC0-301F-11D3-BF4B-00C04F79EFBC}") = "Data.Tests", "Data.Tests\Data.Tests.csproj", "{AAA73E0B-C1BC-4467-992A-C5DC84255949}"
EndProject
Project("{FAE04EC0-301F-11D3-BF4B-00C04F79EFBC}") = "Common.Tests", "Common.Tests\Common.Tests.csproj", "{DB29D7D9-8144-4DC4-A5EC-F22E49305D0F}"
EndProject
Project("{FAE04EC0-301F-11D3-BF4B-00C04F79EFBC}") = "Models", "Models\Models.csproj", "{6FDCD6FF-6028-424C-BB2C-326315491190}"
EndProject
Project("{2150E333-8FDC-42A3-9474-1A3956D46DE8}") = "Tests", "Tests", "{6DC9588D-44DF-4448-AF24-D42074FB822A}"
EndProject
Project("{FAE04EC0-301F-11D3-BF4B-00C04F79EFBC}") = "Validation", "Validation\Validation.csproj", "{BC011616-5A9F-47CD-86DB-8C4C8F4CF55F}"
EndProject
Project("{FAE04EC0-301F-11D3-BF4B-00C04F79EFBC}") = "Actions", "Action\Actions.csproj", "{09F22D3D-6200-41BF-BDEE-0F60710FB775}"
EndProject
Project("{FAE04EC0-301F-11D3-BF4B-00C04F79EFBC}") = "ActionHandlers", "ActionHandlers\ActionHandlers.csproj", "{AA37B17D-755F-420C-AEB8-CCE08DA6D30E}"
EndProject
Project("{FAE04EC0-301F-11D3-BF4B-00C04F79EFBC}") = "ActionHandlers.Tests", "ActionHandlersTests\ActionHandlers.Tests.csproj", "{CBA94A2D-AF13-4E0E-9D2E-AA7BEF25D143}"
EndProject
Project("{FAE04EC0-301F-11D3-BF4B-00C04F79EFBC}") = "Validation.Tests", "Validation.Tests\Validation.Tests.csproj", "{AA5978F2-45DA-470C-B499-602A9E98A2AC}"
EndProject
Project("{FAE04EC0-301F-11D3-BF4B-00C04F79EFBC}") = "Models.Tests", "Models.Tests\Models.Tests.csproj", "{27BF4A3A-76B6-486C-AF99-4671B1445777}"
EndProject
Project("{FAE04EC0-301F-11D3-BF4B-00C04F79EFBC}") = "Common", "Common\Common.csproj", "{A959D4DB-5B77-47CA-B50E-800392FC4DC2}"
EndProject
Project("{FAE04EC0-301F-11D3-BF4B-00C04F79EFBC}") = "Notification", "Notification\Notification.csproj", "{01A83567-4346-45F7-8322-563F700C7AD8}"
EndProject
Project("{FAE04EC0-301F-11D3-BF4B-00C04F79EFBC}") = "Notification.Tests", "Notification.Tests\Notification.Tests.csproj", "{E60D9FFE-EBE3-42F6-981C-6BFD426E9E2D}"
EndProject
Project("{FAE04EC0-301F-11D3-BF4B-00C04F79EFBC}") = "OnlinePayments", "OnlinePayment\OnlinePayments.csproj", "{16EE1C93-463A-4CB5-B63B-8F894A7B0CDE}"
EndProject
Project("{FAE04EC0-301F-11D3-BF4B-00C04F79EFBC}") = "OnlinePaymentsTests", "OnlinePaymentsTests\OnlinePaymentsTests.csproj", "{43596953-67A1-4E99-B326-586211FE2497}"
EndProject
Project("{FAE04EC0-301F-11D3-BF4B-00C04F79EFBC}") = "IntegrationTests", "IntegrationTests\IntegrationTests.csproj", "{BC1C3D55-94BF-447B-89D4-2E592EECB33F}"
EndProject
Project("{2150E333-8FDC-42A3-9474-1A3956D46DE8}") = ".nuget", ".nuget", "{CC3766F3-7152-480F-84FB-A7D1F8C356F9}"
	ProjectSection(SolutionItems) = preProject
		.nuget\packages.config = .nuget\packages.config
	EndProjectSection
EndProject
Project("{2150E333-8FDC-42A3-9474-1A3956D46DE8}") = "Solution Items", "Solution Items", "{3348095D-B3B5-4762-9471-F5F8F395B25E}"
	ProjectSection(SolutionItems) = preProject
		SpeedyDonkey.pssln = SpeedyDonkey.pssln
	EndProjectSection
EndProject
Project("{FAE04EC0-301F-11D3-BF4B-00C04F79EFBC}") = "Contracts", "Contracts\Contracts.csproj", "{1408690B-C0F8-482A-A36E-75A2A13C3430}"
EndProject
Project("{2150E333-8FDC-42A3-9474-1A3956D46DE8}") = "Sql Scripts", "Sql Scripts", "{79C874C2-AB9A-4F21-9387-3B636BD58435}"
	ProjectSection(SolutionItems) = preProject
		00001.sql = 00001.sql
		00002.sql = 00002.sql
	EndProjectSection
EndProject
Project("{2150E333-8FDC-42A3-9474-1A3956D46DE8}") = "AuthZero", "AuthZero", "{DE172848-45D7-4AE0-81D4-E90B8451A58F}"
EndProject
Project("{FAE04EC0-301F-11D3-BF4B-00C04F79EFBC}") = "AuthZero.Interfaces", "AuthZero\AuthZero.Interfaces\AuthZero.Interfaces.csproj", "{0FC84692-3A1E-4DE0-BBA0-CCCE42D81BF5}"
EndProject
Project("{FAE04EC0-301F-11D3-BF4B-00C04F79EFBC}") = "AuthZero.Domain", "AuthZero\AuthZero.Domain\AuthZero.Domain.csproj", "{655E138F-1276-422C-890A-2E1A2B5EC13F}"
EndProject
Global
	GlobalSection(SolutionConfigurationPlatforms) = preSolution
		Debug|Any CPU = Debug|Any CPU
		Release|Any CPU = Release|Any CPU
	EndGlobalSection
	GlobalSection(ProjectConfigurationPlatforms) = postSolution
		{0ED4CACE-AE54-49D6-9053-F44DE4D7298E}.Debug|Any CPU.ActiveCfg = Debug|Any CPU
		{0ED4CACE-AE54-49D6-9053-F44DE4D7298E}.Debug|Any CPU.Build.0 = Debug|Any CPU
		{0ED4CACE-AE54-49D6-9053-F44DE4D7298E}.Release|Any CPU.ActiveCfg = Release|Any CPU
		{0ED4CACE-AE54-49D6-9053-F44DE4D7298E}.Release|Any CPU.Build.0 = Release|Any CPU
		{8C1816C1-CF16-4559-9BC8-F894D3CA2CA4}.Debug|Any CPU.ActiveCfg = Debug|Any CPU
		{8C1816C1-CF16-4559-9BC8-F894D3CA2CA4}.Debug|Any CPU.Build.0 = Debug|Any CPU
		{8C1816C1-CF16-4559-9BC8-F894D3CA2CA4}.Release|Any CPU.ActiveCfg = Release|Any CPU
		{8C1816C1-CF16-4559-9BC8-F894D3CA2CA4}.Release|Any CPU.Build.0 = Release|Any CPU
		{0A9770C7-4D7D-445E-94EB-A01A00061E9F}.Debug|Any CPU.ActiveCfg = Debug|Any CPU
		{0A9770C7-4D7D-445E-94EB-A01A00061E9F}.Debug|Any CPU.Build.0 = Debug|Any CPU
		{0A9770C7-4D7D-445E-94EB-A01A00061E9F}.Release|Any CPU.ActiveCfg = Release|Any CPU
		{0A9770C7-4D7D-445E-94EB-A01A00061E9F}.Release|Any CPU.Build.0 = Release|Any CPU
		{AAA73E0B-C1BC-4467-992A-C5DC84255949}.Debug|Any CPU.ActiveCfg = Debug|Any CPU
		{AAA73E0B-C1BC-4467-992A-C5DC84255949}.Debug|Any CPU.Build.0 = Debug|Any CPU
		{AAA73E0B-C1BC-4467-992A-C5DC84255949}.Release|Any CPU.ActiveCfg = Release|Any CPU
		{AAA73E0B-C1BC-4467-992A-C5DC84255949}.Release|Any CPU.Build.0 = Release|Any CPU
		{DB29D7D9-8144-4DC4-A5EC-F22E49305D0F}.Debug|Any CPU.ActiveCfg = Debug|Any CPU
		{DB29D7D9-8144-4DC4-A5EC-F22E49305D0F}.Debug|Any CPU.Build.0 = Debug|Any CPU
		{DB29D7D9-8144-4DC4-A5EC-F22E49305D0F}.Release|Any CPU.ActiveCfg = Release|Any CPU
		{DB29D7D9-8144-4DC4-A5EC-F22E49305D0F}.Release|Any CPU.Build.0 = Release|Any CPU
		{6FDCD6FF-6028-424C-BB2C-326315491190}.Debug|Any CPU.ActiveCfg = Debug|Any CPU
		{6FDCD6FF-6028-424C-BB2C-326315491190}.Debug|Any CPU.Build.0 = Debug|Any CPU
		{6FDCD6FF-6028-424C-BB2C-326315491190}.Release|Any CPU.ActiveCfg = Release|Any CPU
		{6FDCD6FF-6028-424C-BB2C-326315491190}.Release|Any CPU.Build.0 = Release|Any CPU
		{BC011616-5A9F-47CD-86DB-8C4C8F4CF55F}.Debug|Any CPU.ActiveCfg = Debug|Any CPU
		{BC011616-5A9F-47CD-86DB-8C4C8F4CF55F}.Debug|Any CPU.Build.0 = Debug|Any CPU
		{BC011616-5A9F-47CD-86DB-8C4C8F4CF55F}.Release|Any CPU.ActiveCfg = Release|Any CPU
		{BC011616-5A9F-47CD-86DB-8C4C8F4CF55F}.Release|Any CPU.Build.0 = Release|Any CPU
		{09F22D3D-6200-41BF-BDEE-0F60710FB775}.Debug|Any CPU.ActiveCfg = Debug|Any CPU
		{09F22D3D-6200-41BF-BDEE-0F60710FB775}.Debug|Any CPU.Build.0 = Debug|Any CPU
		{09F22D3D-6200-41BF-BDEE-0F60710FB775}.Release|Any CPU.ActiveCfg = Release|Any CPU
		{09F22D3D-6200-41BF-BDEE-0F60710FB775}.Release|Any CPU.Build.0 = Release|Any CPU
		{AA37B17D-755F-420C-AEB8-CCE08DA6D30E}.Debug|Any CPU.ActiveCfg = Debug|Any CPU
		{AA37B17D-755F-420C-AEB8-CCE08DA6D30E}.Debug|Any CPU.Build.0 = Debug|Any CPU
		{AA37B17D-755F-420C-AEB8-CCE08DA6D30E}.Release|Any CPU.ActiveCfg = Release|Any CPU
		{AA37B17D-755F-420C-AEB8-CCE08DA6D30E}.Release|Any CPU.Build.0 = Release|Any CPU
		{CBA94A2D-AF13-4E0E-9D2E-AA7BEF25D143}.Debug|Any CPU.ActiveCfg = Debug|Any CPU
		{CBA94A2D-AF13-4E0E-9D2E-AA7BEF25D143}.Debug|Any CPU.Build.0 = Debug|Any CPU
		{CBA94A2D-AF13-4E0E-9D2E-AA7BEF25D143}.Release|Any CPU.ActiveCfg = Release|Any CPU
		{CBA94A2D-AF13-4E0E-9D2E-AA7BEF25D143}.Release|Any CPU.Build.0 = Release|Any CPU
		{AA5978F2-45DA-470C-B499-602A9E98A2AC}.Debug|Any CPU.ActiveCfg = Debug|Any CPU
		{AA5978F2-45DA-470C-B499-602A9E98A2AC}.Debug|Any CPU.Build.0 = Debug|Any CPU
		{AA5978F2-45DA-470C-B499-602A9E98A2AC}.Release|Any CPU.ActiveCfg = Release|Any CPU
		{AA5978F2-45DA-470C-B499-602A9E98A2AC}.Release|Any CPU.Build.0 = Release|Any CPU
		{27BF4A3A-76B6-486C-AF99-4671B1445777}.Debug|Any CPU.ActiveCfg = Debug|Any CPU
		{27BF4A3A-76B6-486C-AF99-4671B1445777}.Debug|Any CPU.Build.0 = Debug|Any CPU
		{27BF4A3A-76B6-486C-AF99-4671B1445777}.Release|Any CPU.ActiveCfg = Release|Any CPU
		{27BF4A3A-76B6-486C-AF99-4671B1445777}.Release|Any CPU.Build.0 = Release|Any CPU
		{A959D4DB-5B77-47CA-B50E-800392FC4DC2}.Debug|Any CPU.ActiveCfg = Debug|Any CPU
		{A959D4DB-5B77-47CA-B50E-800392FC4DC2}.Debug|Any CPU.Build.0 = Debug|Any CPU
		{A959D4DB-5B77-47CA-B50E-800392FC4DC2}.Release|Any CPU.ActiveCfg = Release|Any CPU
		{A959D4DB-5B77-47CA-B50E-800392FC4DC2}.Release|Any CPU.Build.0 = Release|Any CPU
		{01A83567-4346-45F7-8322-563F700C7AD8}.Debug|Any CPU.ActiveCfg = Debug|Any CPU
		{01A83567-4346-45F7-8322-563F700C7AD8}.Debug|Any CPU.Build.0 = Debug|Any CPU
		{01A83567-4346-45F7-8322-563F700C7AD8}.Release|Any CPU.ActiveCfg = Release|Any CPU
		{01A83567-4346-45F7-8322-563F700C7AD8}.Release|Any CPU.Build.0 = Release|Any CPU
		{E60D9FFE-EBE3-42F6-981C-6BFD426E9E2D}.Debug|Any CPU.ActiveCfg = Debug|Any CPU
		{E60D9FFE-EBE3-42F6-981C-6BFD426E9E2D}.Debug|Any CPU.Build.0 = Debug|Any CPU
		{E60D9FFE-EBE3-42F6-981C-6BFD426E9E2D}.Release|Any CPU.ActiveCfg = Release|Any CPU
		{E60D9FFE-EBE3-42F6-981C-6BFD426E9E2D}.Release|Any CPU.Build.0 = Release|Any CPU
		{16EE1C93-463A-4CB5-B63B-8F894A7B0CDE}.Debug|Any CPU.ActiveCfg = Debug|Any CPU
		{16EE1C93-463A-4CB5-B63B-8F894A7B0CDE}.Debug|Any CPU.Build.0 = Debug|Any CPU
		{16EE1C93-463A-4CB5-B63B-8F894A7B0CDE}.Release|Any CPU.ActiveCfg = Release|Any CPU
		{16EE1C93-463A-4CB5-B63B-8F894A7B0CDE}.Release|Any CPU.Build.0 = Release|Any CPU
		{43596953-67A1-4E99-B326-586211FE2497}.Debug|Any CPU.ActiveCfg = Debug|Any CPU
		{43596953-67A1-4E99-B326-586211FE2497}.Debug|Any CPU.Build.0 = Debug|Any CPU
		{43596953-67A1-4E99-B326-586211FE2497}.Release|Any CPU.ActiveCfg = Release|Any CPU
		{43596953-67A1-4E99-B326-586211FE2497}.Release|Any CPU.Build.0 = Release|Any CPU
		{BC1C3D55-94BF-447B-89D4-2E592EECB33F}.Debug|Any CPU.ActiveCfg = Debug|Any CPU
		{BC1C3D55-94BF-447B-89D4-2E592EECB33F}.Debug|Any CPU.Build.0 = Debug|Any CPU
		{BC1C3D55-94BF-447B-89D4-2E592EECB33F}.Release|Any CPU.ActiveCfg = Release|Any CPU
		{BC1C3D55-94BF-447B-89D4-2E592EECB33F}.Release|Any CPU.Build.0 = Release|Any CPU
		{1408690B-C0F8-482A-A36E-75A2A13C3430}.Debug|Any CPU.ActiveCfg = Debug|Any CPU
		{1408690B-C0F8-482A-A36E-75A2A13C3430}.Debug|Any CPU.Build.0 = Debug|Any CPU
		{1408690B-C0F8-482A-A36E-75A2A13C3430}.Release|Any CPU.ActiveCfg = Release|Any CPU
		{1408690B-C0F8-482A-A36E-75A2A13C3430}.Release|Any CPU.Build.0 = Release|Any CPU
		{0FC84692-3A1E-4DE0-BBA0-CCCE42D81BF5}.Debug|Any CPU.ActiveCfg = Debug|Any CPU
		{0FC84692-3A1E-4DE0-BBA0-CCCE42D81BF5}.Debug|Any CPU.Build.0 = Debug|Any CPU
		{0FC84692-3A1E-4DE0-BBA0-CCCE42D81BF5}.Release|Any CPU.ActiveCfg = Release|Any CPU
		{0FC84692-3A1E-4DE0-BBA0-CCCE42D81BF5}.Release|Any CPU.Build.0 = Release|Any CPU
		{655E138F-1276-422C-890A-2E1A2B5EC13F}.Debug|Any CPU.ActiveCfg = Debug|Any CPU
		{655E138F-1276-422C-890A-2E1A2B5EC13F}.Debug|Any CPU.Build.0 = Debug|Any CPU
		{655E138F-1276-422C-890A-2E1A2B5EC13F}.Release|Any CPU.ActiveCfg = Release|Any CPU
		{655E138F-1276-422C-890A-2E1A2B5EC13F}.Release|Any CPU.Build.0 = Release|Any CPU
	EndGlobalSection
	GlobalSection(SolutionProperties) = preSolution
		HideSolutionNode = FALSE
	EndGlobalSection
	GlobalSection(NestedProjects) = preSolution
		{8C1816C1-CF16-4559-9BC8-F894D3CA2CA4} = {6DC9588D-44DF-4448-AF24-D42074FB822A}
		{AAA73E0B-C1BC-4467-992A-C5DC84255949} = {6DC9588D-44DF-4448-AF24-D42074FB822A}
		{DB29D7D9-8144-4DC4-A5EC-F22E49305D0F} = {6DC9588D-44DF-4448-AF24-D42074FB822A}
		{CBA94A2D-AF13-4E0E-9D2E-AA7BEF25D143} = {6DC9588D-44DF-4448-AF24-D42074FB822A}
		{AA5978F2-45DA-470C-B499-602A9E98A2AC} = {6DC9588D-44DF-4448-AF24-D42074FB822A}
		{27BF4A3A-76B6-486C-AF99-4671B1445777} = {6DC9588D-44DF-4448-AF24-D42074FB822A}
		{E60D9FFE-EBE3-42F6-981C-6BFD426E9E2D} = {6DC9588D-44DF-4448-AF24-D42074FB822A}
		{43596953-67A1-4E99-B326-586211FE2497} = {6DC9588D-44DF-4448-AF24-D42074FB822A}
		{BC1C3D55-94BF-447B-89D4-2E592EECB33F} = {6DC9588D-44DF-4448-AF24-D42074FB822A}
		{0FC84692-3A1E-4DE0-BBA0-CCCE42D81BF5} = {DE172848-45D7-4AE0-81D4-E90B8451A58F}
		{655E138F-1276-422C-890A-2E1A2B5EC13F} = {DE172848-45D7-4AE0-81D4-E90B8451A58F}
	EndGlobalSection
EndGlobal
